
Microsoft Visual Studio Solution File, Format Version 12.00
# Visual Studio Version 16
VisualStudioVersion = 16.0.29020.237
MinimumVisualStudioVersion = 15.0.26124.0
Project("{2150E333-8FDC-42A3-9474-1A3956D46DE8}") = "Framework", "Framework", "{033E452C-40F0-47AB-88FF-7D53D16DACC4}"
EndProject
Project("{2150E333-8FDC-42A3-9474-1A3956D46DE8}") = "Test", "Test", "{F0FD67F2-105D-4015-A8E4-FE1C7223E600}"
EndProject
Project("{2150E333-8FDC-42A3-9474-1A3956D46DE8}") = "Controllers", "Controllers", "{B2B9672C-9D3F-41F1-9350-3B4DBC068A95}"
EndProject
Project("{2150E333-8FDC-42A3-9474-1A3956D46DE8}") = "WebAPI", "WebAPI", "{6BEB12DC-9545-40A5-B87C-B8E5CF7596BC}"
EndProject
Project("{2150E333-8FDC-42A3-9474-1A3956D46DE8}") = "Solution Items", "Solution Items", "{2D5DB032-B413-4986-919F-CB08DED91607}"
	ProjectSection(SolutionItems) = preProject
		.gitignore = .gitignore
	EndProjectSection
EndProject
Project("{2150E333-8FDC-42A3-9474-1A3956D46DE8}") = "DbControllers", "DbControllers", "{A8ED244A-2CD3-4103-A21D-DAC817282714}"
EndProject
Project("{9A19103F-16F7-4668-BE54-9A1E7A4F7556}") = "Auu.WebApi.Controllers.Base", "Controllers\Base\Auu.WebApi.Controllers.Base.csproj", "{887501BB-4844-4BC7-9345-D2EA02B26CAA}"
EndProject
Project("{9A19103F-16F7-4668-BE54-9A1E7A4F7556}") = "Auu.Framework.DbControllers.Base", "Framework\DbController\Base\Auu.Framework.DbControllers.Base.csproj", "{F83C1830-45F4-4B73-8862-DB99F59CC665}"
EndProject
Project("{9A19103F-16F7-4668-BE54-9A1E7A4F7556}") = "Auu.Framework.DbControllers.Mysql", "Framework\DbController\Mysql\Auu.Framework.DbControllers.Mysql.csproj", "{56345670-2EDA-450C-8AA3-6AB4DAB75239}"
EndProject
Project("{9A19103F-16F7-4668-BE54-9A1E7A4F7556}") = "Auu.Framework.Common", "Framework\Common\Auu.Framework.Common.csproj", "{9F643739-211D-4B7D-9D04-471678FC5609}"
EndProject
Project("{9A19103F-16F7-4668-BE54-9A1E7A4F7556}") = "Auu.Framework.Notification", "Framework\Notification\Auu.Framework.Notification.csproj", "{6CBA8D61-7879-47CD-A654-0BE5399A9DBE}"
EndProject
Project("{9A19103F-16F7-4668-BE54-9A1E7A4F7556}") = "Auu.UnitTest", "UnitTest\Auu.UnitTest.csproj", "{18FE4758-2DDB-4B3E-BA13-FC0655F314CD}"
EndProject
Project("{9A19103F-16F7-4668-BE54-9A1E7A4F7556}") = "Auu.WebApi", "WebAPI\WebAPI\Auu.WebApi.csproj", "{0B5069C4-3FC1-4FD4-9C07-CA64F19BAE7D}"
EndProject
Project("{9A19103F-16F7-4668-BE54-9A1E7A4F7556}") = "Auu.WebApi.MiddleWare", "WebAPI\MiddleWare\Auu.WebApi.MiddleWare.csproj", "{140B165A-B7AA-4574-95F4-FA84BF8AD5C0}"
EndProject
Project("{9A19103F-16F7-4668-BE54-9A1E7A4F7556}") = "Auu.Framework.Session", "Framework\Session\Auu.Framework.Session.csproj", "{9E8A082E-9FF3-4477-8B35-07F81E86CFBC}"
EndProject
Global
	GlobalSection(SolutionConfigurationPlatforms) = preSolution
		Debug|Any CPU = Debug|Any CPU
		Debug|x64 = Debug|x64
		Debug|x86 = Debug|x86
		Release|Any CPU = Release|Any CPU
		Release|x64 = Release|x64
		Release|x86 = Release|x86
	EndGlobalSection
	GlobalSection(ProjectConfigurationPlatforms) = postSolution
		{887501BB-4844-4BC7-9345-D2EA02B26CAA}.Debug|Any CPU.ActiveCfg = Debug|Any CPU
		{887501BB-4844-4BC7-9345-D2EA02B26CAA}.Debug|Any CPU.Build.0 = Debug|Any CPU
		{887501BB-4844-4BC7-9345-D2EA02B26CAA}.Debug|x64.ActiveCfg = Debug|Any CPU
		{887501BB-4844-4BC7-9345-D2EA02B26CAA}.Debug|x64.Build.0 = Debug|Any CPU
		{887501BB-4844-4BC7-9345-D2EA02B26CAA}.Debug|x86.ActiveCfg = Debug|Any CPU
		{887501BB-4844-4BC7-9345-D2EA02B26CAA}.Debug|x86.Build.0 = Debug|Any CPU
		{887501BB-4844-4BC7-9345-D2EA02B26CAA}.Release|Any CPU.ActiveCfg = Release|Any CPU
		{887501BB-4844-4BC7-9345-D2EA02B26CAA}.Release|Any CPU.Build.0 = Release|Any CPU
		{887501BB-4844-4BC7-9345-D2EA02B26CAA}.Release|x64.ActiveCfg = Release|Any CPU
		{887501BB-4844-4BC7-9345-D2EA02B26CAA}.Release|x64.Build.0 = Release|Any CPU
		{887501BB-4844-4BC7-9345-D2EA02B26CAA}.Release|x86.ActiveCfg = Release|Any CPU
		{887501BB-4844-4BC7-9345-D2EA02B26CAA}.Release|x86.Build.0 = Release|Any CPU
		{F83C1830-45F4-4B73-8862-DB99F59CC665}.Debug|Any CPU.ActiveCfg = Debug|Any CPU
		{F83C1830-45F4-4B73-8862-DB99F59CC665}.Debug|Any CPU.Build.0 = Debug|Any CPU
		{F83C1830-45F4-4B73-8862-DB99F59CC665}.Debug|x64.ActiveCfg = Debug|Any CPU
		{F83C1830-45F4-4B73-8862-DB99F59CC665}.Debug|x64.Build.0 = Debug|Any CPU
		{F83C1830-45F4-4B73-8862-DB99F59CC665}.Debug|x86.ActiveCfg = Debug|Any CPU
		{F83C1830-45F4-4B73-8862-DB99F59CC665}.Debug|x86.Build.0 = Debug|Any CPU
		{F83C1830-45F4-4B73-8862-DB99F59CC665}.Release|Any CPU.ActiveCfg = Release|Any CPU
		{F83C1830-45F4-4B73-8862-DB99F59CC665}.Release|Any CPU.Build.0 = Release|Any CPU
		{F83C1830-45F4-4B73-8862-DB99F59CC665}.Release|x64.ActiveCfg = Release|Any CPU
		{F83C1830-45F4-4B73-8862-DB99F59CC665}.Release|x64.Build.0 = Release|Any CPU
		{F83C1830-45F4-4B73-8862-DB99F59CC665}.Release|x86.ActiveCfg = Release|Any CPU
		{F83C1830-45F4-4B73-8862-DB99F59CC665}.Release|x86.Build.0 = Release|Any CPU
		{56345670-2EDA-450C-8AA3-6AB4DAB75239}.Debug|Any CPU.ActiveCfg = Debug|Any CPU
		{56345670-2EDA-450C-8AA3-6AB4DAB75239}.Debug|Any CPU.Build.0 = Debug|Any CPU
		{56345670-2EDA-450C-8AA3-6AB4DAB75239}.Debug|x64.ActiveCfg = Debug|Any CPU
		{56345670-2EDA-450C-8AA3-6AB4DAB75239}.Debug|x64.Build.0 = Debug|Any CPU
		{56345670-2EDA-450C-8AA3-6AB4DAB75239}.Debug|x86.ActiveCfg = Debug|Any CPU
		{56345670-2EDA-450C-8AA3-6AB4DAB75239}.Debug|x86.Build.0 = Debug|Any CPU
		{56345670-2EDA-450C-8AA3-6AB4DAB75239}.Release|Any CPU.ActiveCfg = Release|Any CPU
		{56345670-2EDA-450C-8AA3-6AB4DAB75239}.Release|Any CPU.Build.0 = Release|Any CPU
		{56345670-2EDA-450C-8AA3-6AB4DAB75239}.Release|x64.ActiveCfg = Release|Any CPU
		{56345670-2EDA-450C-8AA3-6AB4DAB75239}.Release|x64.Build.0 = Release|Any CPU
		{56345670-2EDA-450C-8AA3-6AB4DAB75239}.Release|x86.ActiveCfg = Release|Any CPU
		{56345670-2EDA-450C-8AA3-6AB4DAB75239}.Release|x86.Build.0 = Release|Any CPU
		{9F643739-211D-4B7D-9D04-471678FC5609}.Debug|Any CPU.ActiveCfg = Debug|Any CPU
		{9F643739-211D-4B7D-9D04-471678FC5609}.Debug|Any CPU.Build.0 = Debug|Any CPU
		{9F643739-211D-4B7D-9D04-471678FC5609}.Debug|x64.ActiveCfg = Debug|Any CPU
		{9F643739-211D-4B7D-9D04-471678FC5609}.Debug|x64.Build.0 = Debug|Any CPU
		{9F643739-211D-4B7D-9D04-471678FC5609}.Debug|x86.ActiveCfg = Debug|Any CPU
		{9F643739-211D-4B7D-9D04-471678FC5609}.Debug|x86.Build.0 = Debug|Any CPU
		{9F643739-211D-4B7D-9D04-471678FC5609}.Release|Any CPU.ActiveCfg = Release|Any CPU
		{9F643739-211D-4B7D-9D04-471678FC5609}.Release|Any CPU.Build.0 = Release|Any CPU
		{9F643739-211D-4B7D-9D04-471678FC5609}.Release|x64.ActiveCfg = Release|Any CPU
		{9F643739-211D-4B7D-9D04-471678FC5609}.Release|x64.Build.0 = Release|Any CPU
		{9F643739-211D-4B7D-9D04-471678FC5609}.Release|x86.ActiveCfg = Release|Any CPU
		{9F643739-211D-4B7D-9D04-471678FC5609}.Release|x86.Build.0 = Release|Any CPU
		{6CBA8D61-7879-47CD-A654-0BE5399A9DBE}.Debug|Any CPU.ActiveCfg = Debug|Any CPU
		{6CBA8D61-7879-47CD-A654-0BE5399A9DBE}.Debug|Any CPU.Build.0 = Debug|Any CPU
		{6CBA8D61-7879-47CD-A654-0BE5399A9DBE}.Debug|x64.ActiveCfg = Debug|Any CPU
		{6CBA8D61-7879-47CD-A654-0BE5399A9DBE}.Debug|x64.Build.0 = Debug|Any CPU
		{6CBA8D61-7879-47CD-A654-0BE5399A9DBE}.Debug|x86.ActiveCfg = Debug|Any CPU
		{6CBA8D61-7879-47CD-A654-0BE5399A9DBE}.Debug|x86.Build.0 = Debug|Any CPU
		{6CBA8D61-7879-47CD-A654-0BE5399A9DBE}.Release|Any CPU.ActiveCfg = Release|Any CPU
		{6CBA8D61-7879-47CD-A654-0BE5399A9DBE}.Release|Any CPU.Build.0 = Release|Any CPU
		{6CBA8D61-7879-47CD-A654-0BE5399A9DBE}.Release|x64.ActiveCfg = Release|Any CPU
		{6CBA8D61-7879-47CD-A654-0BE5399A9DBE}.Release|x64.Build.0 = Release|Any CPU
		{6CBA8D61-7879-47CD-A654-0BE5399A9DBE}.Release|x86.ActiveCfg = Release|Any CPU
		{6CBA8D61-7879-47CD-A654-0BE5399A9DBE}.Release|x86.Build.0 = Release|Any CPU
		{18FE4758-2DDB-4B3E-BA13-FC0655F314CD}.Debug|Any CPU.ActiveCfg = Debug|Any CPU
		{18FE4758-2DDB-4B3E-BA13-FC0655F314CD}.Debug|Any CPU.Build.0 = Debug|Any CPU
		{18FE4758-2DDB-4B3E-BA13-FC0655F314CD}.Debug|x64.ActiveCfg = Debug|Any CPU
		{18FE4758-2DDB-4B3E-BA13-FC0655F314CD}.Debug|x64.Build.0 = Debug|Any CPU
		{18FE4758-2DDB-4B3E-BA13-FC0655F314CD}.Debug|x86.ActiveCfg = Debug|Any CPU
		{18FE4758-2DDB-4B3E-BA13-FC0655F314CD}.Debug|x86.Build.0 = Debug|Any CPU
		{18FE4758-2DDB-4B3E-BA13-FC0655F314CD}.Release|Any CPU.ActiveCfg = Release|Any CPU
		{18FE4758-2DDB-4B3E-BA13-FC0655F314CD}.Release|Any CPU.Build.0 = Release|Any CPU
		{18FE4758-2DDB-4B3E-BA13-FC0655F314CD}.Release|x64.ActiveCfg = Release|Any CPU
		{18FE4758-2DDB-4B3E-BA13-FC0655F314CD}.Release|x64.Build.0 = Release|Any CPU
		{18FE4758-2DDB-4B3E-BA13-FC0655F314CD}.Release|x86.ActiveCfg = Release|Any CPU
		{18FE4758-2DDB-4B3E-BA13-FC0655F314CD}.Release|x86.Build.0 = Release|Any CPU
		{0B5069C4-3FC1-4FD4-9C07-CA64F19BAE7D}.Debug|Any CPU.ActiveCfg = Debug|Any CPU
		{0B5069C4-3FC1-4FD4-9C07-CA64F19BAE7D}.Debug|Any CPU.Build.0 = Debug|Any CPU
		{0B5069C4-3FC1-4FD4-9C07-CA64F19BAE7D}.Debug|x64.ActiveCfg = Debug|Any CPU
		{0B5069C4-3FC1-4FD4-9C07-CA64F19BAE7D}.Debug|x64.Build.0 = Debug|Any CPU
		{0B5069C4-3FC1-4FD4-9C07-CA64F19BAE7D}.Debug|x86.ActiveCfg = Debug|Any CPU
		{0B5069C4-3FC1-4FD4-9C07-CA64F19BAE7D}.Debug|x86.Build.0 = Debug|Any CPU
		{0B5069C4-3FC1-4FD4-9C07-CA64F19BAE7D}.Release|Any CPU.ActiveCfg = Release|Any CPU
		{0B5069C4-3FC1-4FD4-9C07-CA64F19BAE7D}.Release|Any CPU.Build.0 = Release|Any CPU
		{0B5069C4-3FC1-4FD4-9C07-CA64F19BAE7D}.Release|x64.ActiveCfg = Release|Any CPU
		{0B5069C4-3FC1-4FD4-9C07-CA64F19BAE7D}.Release|x64.Build.0 = Release|Any CPU
		{0B5069C4-3FC1-4FD4-9C07-CA64F19BAE7D}.Release|x86.ActiveCfg = Release|Any CPU
		{0B5069C4-3FC1-4FD4-9C07-CA64F19BAE7D}.Release|x86.Build.0 = Release|Any CPU
		{140B165A-B7AA-4574-95F4-FA84BF8AD5C0}.Debug|Any CPU.ActiveCfg = Debug|Any CPU
		{140B165A-B7AA-4574-95F4-FA84BF8AD5C0}.Debug|Any CPU.Build.0 = Debug|Any CPU
		{140B165A-B7AA-4574-95F4-FA84BF8AD5C0}.Debug|x64.ActiveCfg = Debug|Any CPU
		{140B165A-B7AA-4574-95F4-FA84BF8AD5C0}.Debug|x64.Build.0 = Debug|Any CPU
		{140B165A-B7AA-4574-95F4-FA84BF8AD5C0}.Debug|x86.ActiveCfg = Debug|Any CPU
		{140B165A-B7AA-4574-95F4-FA84BF8AD5C0}.Debug|x86.Build.0 = Debug|Any CPU
		{140B165A-B7AA-4574-95F4-FA84BF8AD5C0}.Release|Any CPU.ActiveCfg = Release|Any CPU
		{140B165A-B7AA-4574-95F4-FA84BF8AD5C0}.Release|Any CPU.Build.0 = Release|Any CPU
		{140B165A-B7AA-4574-95F4-FA84BF8AD5C0}.Release|x64.ActiveCfg = Release|Any CPU
		{140B165A-B7AA-4574-95F4-FA84BF8AD5C0}.Release|x64.Build.0 = Release|Any CPU
		{140B165A-B7AA-4574-95F4-FA84BF8AD5C0}.Release|x86.ActiveCfg = Release|Any CPU
		{140B165A-B7AA-4574-95F4-FA84BF8AD5C0}.Release|x86.Build.0 = Release|Any CPU
		{9E8A082E-9FF3-4477-8B35-07F81E86CFBC}.Debug|Any CPU.ActiveCfg = Debug|Any CPU
		{9E8A082E-9FF3-4477-8B35-07F81E86CFBC}.Debug|Any CPU.Build.0 = Debug|Any CPU
		{9E8A082E-9FF3-4477-8B35-07F81E86CFBC}.Debug|x64.ActiveCfg = Debug|Any CPU
		{9E8A082E-9FF3-4477-8B35-07F81E86CFBC}.Debug|x64.Build.0 = Debug|Any CPU
		{9E8A082E-9FF3-4477-8B35-07F81E86CFBC}.Debug|x86.ActiveCfg = Debug|Any CPU
		{9E8A082E-9FF3-4477-8B35-07F81E86CFBC}.Debug|x86.Build.0 = Debug|Any CPU
		{9E8A082E-9FF3-4477-8B35-07F81E86CFBC}.Release|Any CPU.ActiveCfg = Release|Any CPU
		{9E8A082E-9FF3-4477-8B35-07F81E86CFBC}.Release|Any CPU.Build.0 = Release|Any CPU
		{9E8A082E-9FF3-4477-8B35-07F81E86CFBC}.Release|x64.ActiveCfg = Release|Any CPU
		{9E8A082E-9FF3-4477-8B35-07F81E86CFBC}.Release|x64.Build.0 = Release|Any CPU
		{9E8A082E-9FF3-4477-8B35-07F81E86CFBC}.Release|x86.ActiveCfg = Release|Any CPU
		{9E8A082E-9FF3-4477-8B35-07F81E86CFBC}.Release|x86.Build.0 = Release|Any CPU
	EndGlobalSection
	GlobalSection(SolutionProperties) = preSolution
		HideSolutionNode = FALSE
	EndGlobalSection
	GlobalSection(NestedProjects) = preSolution
		{A8ED244A-2CD3-4103-A21D-DAC817282714} = {033E452C-40F0-47AB-88FF-7D53D16DACC4}
		{887501BB-4844-4BC7-9345-D2EA02B26CAA} = {B2B9672C-9D3F-41F1-9350-3B4DBC068A95}
		{F83C1830-45F4-4B73-8862-DB99F59CC665} = {A8ED244A-2CD3-4103-A21D-DAC817282714}
		{56345670-2EDA-450C-8AA3-6AB4DAB75239} = {A8ED244A-2CD3-4103-A21D-DAC817282714}
		{9F643739-211D-4B7D-9D04-471678FC5609} = {033E452C-40F0-47AB-88FF-7D53D16DACC4}
		{6CBA8D61-7879-47CD-A654-0BE5399A9DBE} = {033E452C-40F0-47AB-88FF-7D53D16DACC4}
		{18FE4758-2DDB-4B3E-BA13-FC0655F314CD} = {F0FD67F2-105D-4015-A8E4-FE1C7223E600}
		{0B5069C4-3FC1-4FD4-9C07-CA64F19BAE7D} = {6BEB12DC-9545-40A5-B87C-B8E5CF7596BC}
		{140B165A-B7AA-4574-95F4-FA84BF8AD5C0} = {6BEB12DC-9545-40A5-B87C-B8E5CF7596BC}
		{9E8A082E-9FF3-4477-8B35-07F81E86CFBC} = {033E452C-40F0-47AB-88FF-7D53D16DACC4}
	EndGlobalSection
	GlobalSection(ExtensibilityGlobals) = postSolution
		SolutionGuid = {41A8354B-2FB8-4DC5-9086-970AC319DA95}
	EndGlobalSection
EndGlobal
